
Microsoft Visual Studio Solution File, Format Version 12.00
# Visual Studio Version 17
VisualStudioVersion = 17.14.36414.22 d17.14
MinimumVisualStudioVersion = 10.0.40219.1
Project("{FAE04EC0-301F-11D3-BF4B-00C04F79EFBC}") = "OOPPriciples", "OOPPriciples.csproj", "{D67F47F5-96D7-4A6F-AF6B-0DDE8CFD2D89}"
EndProject
Global
	GlobalSection(SolutionConfigurationPlatforms) = preSolution
		Debug|Any CPU = Debug|Any CPU
		Release|Any CPU = Release|Any CPU
	EndGlobalSection
	GlobalSection(ProjectConfigurationPlatforms) = postSolution
		{D67F47F5-96D7-4A6F-AF6B-0DDE8CFD2D89}.Debug|Any CPU.ActiveCfg = Debug|Any CPU
		{D67F47F5-96D7-4A6F-AF6B-0DDE8CFD2D89}.Debug|Any CPU.Build.0 = Debug|Any CPU
		{D67F47F5-96D7-4A6F-AF6B-0DDE8CFD2D89}.Release|Any CPU.ActiveCfg = Release|Any CPU
		{D67F47F5-96D7-4A6F-AF6B-0DDE8CFD2D89}.Release|Any CPU.Build.0 = Release|Any CPU
	EndGlobalSection
	GlobalSection(SolutionProperties) = preSolution
		HideSolutionNode = FALSE
	EndGlobalSection
	GlobalSection(ExtensibilityGlobals) = postSolution
		SolutionGuid = {8BBA6923-F85D-4B90-B334-9E4651E134D1}
	EndGlobalSection
EndGlobal
